// !$*UTF8*$!
{
	archiveVersion = 1;
	classes = {
	};
	objectVersion = 50;
	objects = {

/* Begin PBXBuildFile section */
		D83102DB206B08E50098457E /* SpotlightNode.swift in Sources */ = {isa = PBXBuildFile; fileRef = D83102DA206B08E50098457E /* SpotlightNode.swift */; };
		D85125782069B8770078B156 /* GameScene.swift in Sources */ = {isa = PBXBuildFile; fileRef = D85125732069B8770078B156 /* GameScene.swift */; };
		D85125792069B8770078B156 /* ToneNode.swift in Sources */ = {isa = PBXBuildFile; fileRef = D85125742069B8770078B156 /* ToneNode.swift */; };
		D851257A2069B8770078B156 /* Rainbow.swift in Sources */ = {isa = PBXBuildFile; fileRef = D85125752069B8770078B156 /* Rainbow.swift */; };
		D851257B2069B8770078B156 /* Preset.swift in Sources */ = {isa = PBXBuildFile; fileRef = D85125762069B8770078B156 /* Preset.swift */; };
		D851257C2069B8770078B156 /* ButtonNode.swift in Sources */ = {isa = PBXBuildFile; fileRef = D85125772069B8770078B156 /* ButtonNode.swift */; };
		D87CC5352066B76A00C22911 /* AppDelegate.swift in Sources */ = {isa = PBXBuildFile; fileRef = D87CC5342066B76A00C22911 /* AppDelegate.swift */; };
		D87CC5372066B76A00C22911 /* ViewController.swift in Sources */ = {isa = PBXBuildFile; fileRef = D87CC5362066B76A00C22911 /* ViewController.swift */; };
		D87CC53A2066B76A00C22911 /* Main.storyboard in Resources */ = {isa = PBXBuildFile; fileRef = D87CC5382066B76A00C22911 /* Main.storyboard */; };
		D87CC53C2066B76B00C22911 /* Assets.xcassets in Resources */ = {isa = PBXBuildFile; fileRef = D87CC53B2066B76B00C22911 /* Assets.xcassets */; };
		D87CC53F2066B76B00C22911 /* LaunchScreen.storyboard in Resources */ = {isa = PBXBuildFile; fileRef = D87CC53D2066B76B00C22911 /* LaunchScreen.storyboard */; };
/* End PBXBuildFile section */

/* Begin PBXFileReference section */
		D83102DA206B08E50098457E /* SpotlightNode.swift */ = {isa = PBXFileReference; lastKnownFileType = sourcecode.swift; name = SpotlightNode.swift; path = ../PentatonicGameOfLife.playground/Sources/SpotlightNode.swift; sourceTree = "<group>"; };
		D85125722069B8460078B156 /* PentatonicGameOfLife.playground */ = {isa = PBXFileReference; lastKnownFileType = file.playground; name = PentatonicGameOfLife.playground; path = ../PentatonicGameOfLife.playground; sourceTree = "<group>"; xcLanguageSpecificationIdentifier = xcode.lang.swift; };
		D85125732069B8770078B156 /* GameScene.swift */ = {isa = PBXFileReference; lastKnownFileType = sourcecode.swift; name = GameScene.swift; path = ../PentatonicGameOfLife.playground/Sources/GameScene.swift; sourceTree = "<group>"; };
		D85125742069B8770078B156 /* ToneNode.swift */ = {isa = PBXFileReference; lastKnownFileType = sourcecode.swift; name = ToneNode.swift; path = ../PentatonicGameOfLife.playground/Sources/ToneNode.swift; sourceTree = "<group>"; };
		D85125752069B8770078B156 /* Rainbow.swift */ = {isa = PBXFileReference; lastKnownFileType = sourcecode.swift; name = Rainbow.swift; path = ../PentatonicGameOfLife.playground/Sources/Rainbow.swift; sourceTree = "<group>"; };
		D85125762069B8770078B156 /* Preset.swift */ = {isa = PBXFileReference; lastKnownFileType = sourcecode.swift; name = Preset.swift; path = ../PentatonicGameOfLife.playground/Sources/Preset.swift; sourceTree = "<group>"; };
		D85125772069B8770078B156 /* ButtonNode.swift */ = {isa = PBXFileReference; lastKnownFileType = sourcecode.swift; name = ButtonNode.swift; path = ../PentatonicGameOfLife.playground/Sources/ButtonNode.swift; sourceTree = "<group>"; };
		D87CC5312066B76A00C22911 /* ConwayMatrixContainerProject.app */ = {isa = PBXFileReference; explicitFileType = wrapper.application; includeInIndex = 0; path = ConwayMatrixContainerProject.app; sourceTree = BUILT_PRODUCTS_DIR; };
		D87CC5342066B76A00C22911 /* AppDelegate.swift */ = {isa = PBXFileReference; lastKnownFileType = sourcecode.swift; path = AppDelegate.swift; sourceTree = "<group>"; };
		D87CC5362066B76A00C22911 /* ViewController.swift */ = {isa = PBXFileReference; lastKnownFileType = sourcecode.swift; path = ViewController.swift; sourceTree = "<group>"; };
		D87CC5392066B76A00C22911 /* Base */ = {isa = PBXFileReference; lastKnownFileType = file.storyboard; name = Base; path = Base.lproj/Main.storyboard; sourceTree = "<group>"; };
		D87CC53B2066B76B00C22911 /* Assets.xcassets */ = {isa = PBXFileReference; lastKnownFileType = folder.assetcatalog; path = Assets.xcassets; sourceTree = "<group>"; };
		D87CC53E2066B76B00C22911 /* Base */ = {isa = PBXFileReference; lastKnownFileType = file.storyboard; name = Base; path = Base.lproj/LaunchScreen.storyboard; sourceTree = "<group>"; };
		D87CC5402066B76B00C22911 /* Info.plist */ = {isa = PBXFileReference; lastKnownFileType = text.plist.xml; path = Info.plist; sourceTree = "<group>"; };
/* End PBXFileReference section */

/* Begin PBXFrameworksBuildPhase section */
		D87CC52E2066B76A00C22911 /* Frameworks */ = {
			isa = PBXFrameworksBuildPhase;
			buildActionMask = 2147483647;
			files = (
			);
			runOnlyForDeploymentPostprocessing = 0;
		};
/* End PBXFrameworksBuildPhase section */

/* Begin PBXGroup section */
		D87CC5282066B76A00C22911 = {
			isa = PBXGroup;
			children = (
				D83102DA206B08E50098457E /* SpotlightNode.swift */,
				D85125772069B8770078B156 /* ButtonNode.swift */,
				D85125732069B8770078B156 /* GameScene.swift */,
				D85125762069B8770078B156 /* Preset.swift */,
				D85125752069B8770078B156 /* Rainbow.swift */,
				D85125742069B8770078B156 /* ToneNode.swift */,
				D85125722069B8460078B156 /* PentatonicGameOfLife.playground */,
				D87CC5332066B76A00C22911 /* ConwayMatrixContainerProject */,
				D87CC5322066B76A00C22911 /* Products */,
			);
			sourceTree = "<group>";
		};
		D87CC5322066B76A00C22911 /* Products */ = {
			isa = PBXGroup;
			children = (
				D87CC5312066B76A00C22911 /* ConwayMatrixContainerProject.app */,
			);
			name = Products;
			sourceTree = "<group>";
		};
		D87CC5332066B76A00C22911 /* ConwayMatrixContainerProject */ = {
			isa = PBXGroup;
			children = (
				D87CC5342066B76A00C22911 /* AppDelegate.swift */,
				D87CC5362066B76A00C22911 /* ViewController.swift */,
				D87CC5382066B76A00C22911 /* Main.storyboard */,
				D87CC53B2066B76B00C22911 /* Assets.xcassets */,
				D87CC53D2066B76B00C22911 /* LaunchScreen.storyboard */,
				D87CC5402066B76B00C22911 /* Info.plist */,
			);
			path = ConwayMatrixContainerProject;
			sourceTree = "<group>";
		};
/* End PBXGroup section */

/* Begin PBXNativeTarget section */
		D87CC5302066B76A00C22911 /* ConwayMatrixContainerProject */ = {
			isa = PBXNativeTarget;
			buildConfigurationList = D87CC5432066B76B00C22911 /* Build configuration list for PBXNativeTarget "ConwayMatrixContainerProject" */;
			buildPhases = (
				D87CC52D2066B76A00C22911 /* Sources */,
				D87CC52E2066B76A00C22911 /* Frameworks */,
				D87CC52F2066B76A00C22911 /* Resources */,
			);
			buildRules = (
			);
			dependencies = (
			);
			name = ConwayMatrixContainerProject;
			productName = ConwayMatrixContainerProject;
			productReference = D87CC5312066B76A00C22911 /* ConwayMatrixContainerProject.app */;
			productType = "com.apple.product-type.application";
		};
/* End PBXNativeTarget section */

/* Begin PBXProject section */
		D87CC5292066B76A00C22911 /* Project object */ = {
			isa = PBXProject;
			attributes = {
				LastSwiftUpdateCheck = 0930;
				LastUpgradeCheck = 0930;
				ORGANIZATIONNAME = "Nathan Gitter";
				TargetAttributes = {
					D87CC5302066B76A00C22911 = {
						CreatedOnToolsVersion = 9.3;
					};
				};
			};
			buildConfigurationList = D87CC52C2066B76A00C22911 /* Build configuration list for PBXProject "ConwayMatrixContainerProject" */;
			compatibilityVersion = "Xcode 9.3";
			developmentRegion = en;
			hasScannedForEncodings = 0;
			knownRegions = (
				en,
				Base,
			);
			mainGroup = D87CC5282066B76A00C22911;
			productRefGroup = D87CC5322066B76A00C22911 /* Products */;
			projectDirPath = "";
			projectRoot = "";
			targets = (
				D87CC5302066B76A00C22911 /* ConwayMatrixContainerProject */,
			);
		};
/* End PBXProject section */

/* Begin PBXResourcesBuildPhase section */
		D87CC52F2066B76A00C22911 /* Resources */ = {
			isa = PBXResourcesBuildPhase;
			buildActionMask = 2147483647;
			files = (
				D87CC53F2066B76B00C22911 /* LaunchScreen.storyboard in Resources */,
				D87CC53C2066B76B00C22911 /* Assets.xcassets in Resources */,
				D87CC53A2066B76A00C22911 /* Main.storyboard in Resources */,
			);
			runOnlyForDeploymentPostprocessing = 0;
		};
/* End PBXResourcesBuildPhase section */

/* Begin PBXSourcesBuildPhase section */
		D87CC52D2066B76A00C22911 /* Sources */ = {
			isa = PBXSourcesBuildPhase;
			buildActionMask = 2147483647;
			files = (
				D83102DB206B08E50098457E /* SpotlightNode.swift in Sources */,
				D85125782069B8770078B156 /* GameScene.swift in Sources */,
				D85125792069B8770078B156 /* ToneNode.swift in Sources */,
				D851257A2069B8770078B156 /* Rainbow.swift in Sources */,
				D851257B2069B8770078B156 /* Preset.swift in Sources */,
				D851257C2069B8770078B156 /* ButtonNode.swift in Sources */,
				D87CC5372066B76A00C22911 /* ViewController.swift in Sources */,
				D87CC5352066B76A00C22911 /* AppDelegate.swift in Sources */,
			);
			runOnlyForDeploymentPostprocessing = 0;
		};
/* End PBXSourcesBuildPhase section */

/* Begin PBXVariantGroup section */
		D87CC5382066B76A00C22911 /* Main.storyboard */ = {
			isa = PBXVariantGroup;
			children = (
				D87CC5392066B76A00C22911 /* Base */,
			);
			name = Main.storyboard;
			sourceTree = "<group>";
		};
		D87CC53D2066B76B00C22911 /* LaunchScreen.storyboard */ = {
			isa = PBXVariantGroup;
			children = (
				D87CC53E2066B76B00C22911 /* Base */,
			);
			name = LaunchScreen.storyboard;
			sourceTree = "<group>";
		};
/* End PBXVariantGroup section */

/* Begin XCBuildConfiguration section */
		D87CC5412066B76B00C22911 /* Debug */ = {
			isa = XCBuildConfiguration;
			buildSettings = {
				ALWAYS_SEARCH_USER_PATHS = NO;
				CLANG_ANALYZER_NONNULL = YES;
				CLANG_ANALYZER_NUMBER_OBJECT_CONVERSION = YES_AGGRESSIVE;
				CLANG_CXX_LANGUAGE_STANDARD = "gnu++14";
				CLANG_CXX_LIBRARY = "libc++";
				CLANG_ENABLE_MODULES = YES;
				CLANG_ENABLE_OBJC_ARC = YES;
				CLANG_ENABLE_OBJC_WEAK = YES;
				CLANG_WARN_BLOCK_CAPTURE_AUTORELEASING = YES;
				CLANG_WARN_BOOL_CONVERSION = YES;
				CLANG_WARN_COMMA = YES;
				CLANG_WARN_CONSTANT_CONVERSION = YES;
				CLANG_WARN_DEPRECATED_OBJC_IMPLEMENTATIONS = YES;
				CLANG_WARN_DIRECT_OBJC_ISA_USAGE = YES_ERROR;
				CLANG_WARN_DOCUMENTATION_COMMENTS = YES;
				CLANG_WARN_EMPTY_BODY = YES;
				CLANG_WARN_ENUM_CONVERSION = YES;
				CLANG_WARN_INFINITE_RECURSION = YES;
				CLANG_WARN_INT_CONVERSION = YES;
				CLANG_WARN_NON_LITERAL_NULL_CONVERSION = YES;
				CLANG_WARN_OBJC_IMPLICIT_RETAIN_SELF = YES;
				CLANG_WARN_OBJC_LITERAL_CONVERSION = YES;
				CLANG_WARN_OBJC_ROOT_CLASS = YES_ERROR;
				CLANG_WARN_RANGE_LOOP_ANALYSIS = YES;
				CLANG_WARN_STRICT_PROTOTYPES = YES;
				CLANG_WARN_SUSPICIOUS_MOVE = YES;
				CLANG_WARN_UNGUARDED_AVAILABILITY = YES_AGGRESSIVE;
				CLANG_WARN_UNREACHABLE_CODE = YES;
				CLANG_WARN__DUPLICATE_METHOD_MATCH = YES;
				CODE_SIGN_IDENTITY = "iPhone Developer";
				COPY_PHASE_STRIP = NO;
				DEBUG_INFORMATION_FORMAT = dwarf;
				ENABLE_STRICT_OBJC_MSGSEND = YES;
				ENABLE_TESTABILITY = YES;
				GCC_C_LANGUAGE_STANDARD = gnu11;
				GCC_DYNAMIC_NO_PIC = NO;
				GCC_NO_COMMON_BLOCKS = YES;
				GCC_OPTIMIZATION_LEVEL = 0;
				GCC_PREPROCESSOR_DEFINITIONS = (
					"DEBUG=1",
					"$(inherited)",
				);
				GCC_WARN_64_TO_32_BIT_CONVERSION = YES;
				GCC_WARN_ABOUT_RETURN_TYPE = YES_ERROR;
				GCC_WARN_UNDECLARED_SELECTOR = YES;
				GCC_WARN_UNINITIALIZED_AUTOS = YES_AGGRESSIVE;
				GCC_WARN_UNUSED_FUNCTION = YES;
				GCC_WARN_UNUSED_VARIABLE = YES;
				IPHONEOS_DEPLOYMENT_TARGET = 11.3;
				MTL_ENABLE_DEBUG_INFO = YES;
				ONLY_ACTIVE_ARCH = YES;
				SDKROOT = iphoneos;
				SWIFT_ACTIVE_COMPILATION_CONDITIONS = DEBUG;
				SWIFT_OPTIMIZATION_LEVEL = "-Onone";
			};
			name = Debug;
		};
		D87CC5422066B76B00C22911 /* Release */ = {
			isa = XCBuildConfiguration;
			buildSettings = {
				ALWAYS_SEARCH_USER_PATHS = NO;
				CLANG_ANALYZER_NONNULL = YES;
				CLANG_ANALYZER_NUMBER_OBJECT_CONVERSION = YES_AGGRESSIVE;
				CLANG_CXX_LANGUAGE_STANDARD = "gnu++14";
				CLANG_CXX_LIBRARY = "libc++";
				CLANG_ENABLE_MODULES = YES;
				CLANG_ENABLE_OBJC_ARC = YES;
				CLANG_ENABLE_OBJC_WEAK = YES;
				CLANG_WARN_BLOCK_CAPTURE_AUTORELEASING = YES;
				CLANG_WARN_BOOL_CONVERSION = YES;
				CLANG_WARN_COMMA = YES;
				CLANG_WARN_CONSTANT_CONVERSION = YES;
				CLANG_WARN_DEPRECATED_OBJC_IMPLEMENTATIONS = YES;
				CLANG_WARN_DIRECT_OBJC_ISA_USAGE = YES_ERROR;
				CLANG_WARN_DOCUMENTATION_COMMENTS = YES;
				CLANG_WARN_EMPTY_BODY = YES;
				CLANG_WARN_ENUM_CONVERSION = YES;
				CLANG_WARN_INFINITE_RECURSION = YES;
				CLANG_WARN_INT_CONVERSION = YES;
				CLANG_WARN_NON_LITERAL_NULL_CONVERSION = YES;
				CLANG_WARN_OBJC_IMPLICIT_RETAIN_SELF = YES;
				CLANG_WARN_OBJC_LITERAL_CONVERSION = YES;
				CLANG_WARN_OBJC_ROOT_CLASS = YES_ERROR;
				CLANG_WARN_RANGE_LOOP_ANALYSIS = YES;
				CLANG_WARN_STRICT_PROTOTYPES = YES;
				CLANG_WARN_SUSPICIOUS_MOVE = YES;
				CLANG_WARN_UNGUARDED_AVAILABILITY = YES_AGGRESSIVE;
				CLANG_WARN_UNREACHABLE_CODE = YES;
				CLANG_WARN__DUPLICATE_METHOD_MATCH = YES;
				CODE_SIGN_IDENTITY = "iPhone Developer";
				COPY_PHASE_STRIP = NO;
				DEBUG_INFORMATION_FORMAT = "dwarf-with-dsym";
				ENABLE_NS_ASSERTIONS = NO;
				ENABLE_STRICT_OBJC_MSGSEND = YES;
				GCC_C_LANGUAGE_STANDARD = gnu11;
				GCC_NO_COMMON_BLOCKS = YES;
				GCC_WARN_64_TO_32_BIT_CONVERSION = YES;
				GCC_WARN_ABOUT_RETURN_TYPE = YES_ERROR;
				GCC_WARN_UNDECLARED_SELECTOR = YES;
				GCC_WARN_UNINITIALIZED_AUTOS = YES_AGGRESSIVE;
				GCC_WARN_UNUSED_FUNCTION = YES;
				GCC_WARN_UNUSED_VARIABLE = YES;
				IPHONEOS_DEPLOYMENT_TARGET = 11.3;
				MTL_ENABLE_DEBUG_INFO = NO;
				SDKROOT = iphoneos;
				SWIFT_COMPILATION_MODE = wholemodule;
				SWIFT_OPTIMIZATION_LEVEL = "-O";
				VALIDATE_PRODUCT = YES;
			};
			name = Release;
		};
		D87CC5442066B76B00C22911 /* Debug */ = {
			isa = XCBuildConfiguration;
			buildSettings = {
				ASSETCATALOG_COMPILER_APPICON_NAME = AppIcon;
				CODE_SIGN_STYLE = Automatic;
				DEVELOPMENT_TEAM = PW5ET5HNB2;
				INFOPLIST_FILE = ConwayMatrixContainerProject/Info.plist;
				LD_RUNPATH_SEARCH_PATHS = (
					"$(inherited)",
					"@executable_path/Frameworks",
				);
				PRODUCT_BUNDLE_IDENTIFIER = nathangitter.ConwayMatrixContainerProject;
				PRODUCT_NAME = "$(TARGET_NAME)";
				SWIFT_VERSION = 4.0;
				TARGETED_DEVICE_FAMILY = "1,2";
			};
			name = Debug;
		};
		D87CC5452066B76B00C22911 /* Release */ = {
			isa = XCBuildConfiguration;
			buildSettings = {
				ASSETCATALOG_COMPILER_APPICON_NAME = AppIcon;
				CODE_SIGN_STYLE = Automatic;
				DEVELOPMENT_TEAM = PW5ET5HNB2;
				INFOPLIST_FILE = ConwayMatrixContainerProject/Info.plist;
				LD_RUNPATH_SEARCH_PATHS = (
					"$(inherited)",
					"@executable_path/Frameworks",
				);
				PRODUCT_BUNDLE_IDENTIFIER = nathangitter.ConwayMatrixContainerProject;
				PRODUCT_NAME = "$(TARGET_NAME)";
				SWIFT_VERSION = 4.0;
				TARGETED_DEVICE_FAMILY = "1,2";
			};
			name = Release;
		};
/* End XCBuildConfiguration section */

/* Begin XCConfigurationList section */
		D87CC52C2066B76A00C22911 /* Build configuration list for PBXProject "ConwayMatrixContainerProject" */ = {
			isa = XCConfigurationList;
			buildConfigurations = (
				D87CC5412066B76B00C22911 /* Debug */,
				D87CC5422066B76B00C22911 /* Release */,
			);
			defaultConfigurationIsVisible = 0;
			defaultConfigurationName = Release;
		};
		D87CC5432066B76B00C22911 /* Build configuration list for PBXNativeTarget "ConwayMatrixContainerProject" */ = {
			isa = XCConfigurationList;
			buildConfigurations = (
				D87CC5442066B76B00C22911 /* Debug */,
				D87CC5452066B76B00C22911 /* Release */,
			);
			defaultConfigurationIsVisible = 0;
			defaultConfigurationName = Release;
		};
/* End XCConfigurationList section */
	};
	rootObject = D87CC5292066B76A00C22911 /* Project object */;
}
